
Microsoft Visual Studio Solution File, Format Version 12.00
# Visual Studio Version 17
VisualStudioVersion = 17.12.35527.113 d17.12
MinimumVisualStudioVersion = 10.0.40219.1
Project("{FAE04EC0-301F-11D3-BF4B-00C04F79EFBC}") = "OtelRezervasyonSistemi", "OtelRezervasyonSistemi\OtelRezervasyonSistemi.csproj", "{9F5B50A3-3619-4546-880B-5E734521390C}"
EndProject
Project("{FAE04EC0-301F-11D3-BF4B-00C04F79EFBC}") = "DataAccessLayer", "DataAccessLayer\DataAccessLayer.csproj", "{3A72A39E-A8BF-47F3-BD96-46E5EB034596}"
EndProject
Project("{FAE04EC0-301F-11D3-BF4B-00C04F79EFBC}") = "BusinessLayer", "BusinessLayer\BusinessLayer.csproj", "{3282D3FC-2E58-49AA-907E-5C51AC6394D4}"
EndProject
Project("{FAE04EC0-301F-11D3-BF4B-00C04F79EFBC}") = "EntityLayer", "EntityLayer\EntityLayer.csproj", "{F850D9CD-FD75-4354-95CB-B32DC6E18E07}"
EndProject
Global
	GlobalSection(SolutionConfigurationPlatforms) = preSolution
		Debug|Any CPU = Debug|Any CPU
		Release|Any CPU = Release|Any CPU
	EndGlobalSection
	GlobalSection(ProjectConfigurationPlatforms) = postSolution
		{9F5B50A3-3619-4546-880B-5E734521390C}.Debug|Any CPU.ActiveCfg = Debug|Any CPU
		{9F5B50A3-3619-4546-880B-5E734521390C}.Debug|Any CPU.Build.0 = Debug|Any CPU
		{9F5B50A3-3619-4546-880B-5E734521390C}.Release|Any CPU.ActiveCfg = Release|Any CPU
		{9F5B50A3-3619-4546-880B-5E734521390C}.Release|Any CPU.Build.0 = Release|Any CPU
		{3A72A39E-A8BF-47F3-BD96-46E5EB034596}.Debug|Any CPU.ActiveCfg = Debug|Any CPU
		{3A72A39E-A8BF-47F3-BD96-46E5EB034596}.Debug|Any CPU.Build.0 = Debug|Any CPU
		{3A72A39E-A8BF-47F3-BD96-46E5EB034596}.Release|Any CPU.ActiveCfg = Release|Any CPU
		{3A72A39E-A8BF-47F3-BD96-46E5EB034596}.Release|Any CPU.Build.0 = Release|Any CPU
		{3282D3FC-2E58-49AA-907E-5C51AC6394D4}.Debug|Any CPU.ActiveCfg = Debug|Any CPU
		{3282D3FC-2E58-49AA-907E-5C51AC6394D4}.Debug|Any CPU.Build.0 = Debug|Any CPU
		{3282D3FC-2E58-49AA-907E-5C51AC6394D4}.Release|Any CPU.ActiveCfg = Release|Any CPU
		{3282D3FC-2E58-49AA-907E-5C51AC6394D4}.Release|Any CPU.Build.0 = Release|Any CPU
		{F850D9CD-FD75-4354-95CB-B32DC6E18E07}.Debug|Any CPU.ActiveCfg = Debug|Any CPU
		{F850D9CD-FD75-4354-95CB-B32DC6E18E07}.Debug|Any CPU.Build.0 = Debug|Any CPU
		{F850D9CD-FD75-4354-95CB-B32DC6E18E07}.Release|Any CPU.ActiveCfg = Release|Any CPU
		{F850D9CD-FD75-4354-95CB-B32DC6E18E07}.Release|Any CPU.Build.0 = Release|Any CPU
	EndGlobalSection
	GlobalSection(SolutionProperties) = preSolution
		HideSolutionNode = FALSE
	EndGlobalSection
EndGlobal
